<?xml version="1.0" encoding="utf-8"?>
<Project ToolsVersion="4.0" xmlns="http://schemas.microsoft.com/developer/msbuild/2003">
  <ItemGroup>
    <Filter Include="win32">
      <UniqueIdentifier>{84a8ebd7-7cf0-47f6-b75e-d441df67da40}</UniqueIdentifier>
    </Filter>
    <Filter Include="resource">
      <UniqueIdentifier>{715254bc-d70b-4ec5-bf29-467dd3ace079}</UniqueIdentifier>
    </Filter>
    <Filter Include="src">
      <UniqueIdentifier>{bb6c862e-70e9-49d9-81b7-3829a6f50471}</UniqueIdentifier>
    </Filter>
  </ItemGroup>
  <ItemGroup>
    <ClCompile Include="main.cpp">
      <Filter>win32</Filter>
    </ClCompile>
    <ClCompile Include="AppDelegate.cpp">
      <Filter>win32</Filter>
    </ClCompile>
    <ClCompile Include="GraphicsScene.cpp">
      <Filter>win32</Filter>
    </ClCompile>
    <ClCompile Include="KeyboardScene.cpp">
      <Filter>win32</Filter>
    </ClCompile>
    <ClCompile Include="MouseScene.cpp">
      <Filter>win32</Filter>
    </ClCompile>
    <ClCompile Include="MultiTouchScene.cpp">
      <Filter>win32</Filter>
    </ClCompile>
    <ClCompile Include="KeyboardScene2.cpp">
      <Filter>win32</Filter>
    </ClCompile>
    <ClCompile Include="TouchScene.cpp">
      <Filter>win32</Filter>
    </ClCompile>
    <ClCompile Include="TouchScene2.cpp">
      <Filter>win32</Filter>
    </ClCompile>
    <ClCompile Include="CarAction.cpp" />
    <ClCompile Include="CarAction2.cpp" />
    <ClCompile Include="CarAction3.cpp" />
  </ItemGroup>
  <ItemGroup>
    <ClInclude Include="main.h">
      <Filter>win32</Filter>
    </ClInclude>
    <ClInclude Include="AppDelegate.h">
      <Filter>win32</Filter>
    </ClInclude>
    <ClInclude Include="GraphicsScene.h">
      <Filter>win32</Filter>
    </ClInclude>
    <ClInclude Include="KeyboardScene.h">
      <Filter>win32</Filter>
    </ClInclude>
    <ClInclude Include="MouseScene.h">
      <Filter>win32</Filter>
    </ClInclude>
    <ClInclude Include="MultiTouchScene.h">
      <Filter>win32</Filter>
    </ClInclude>
    <ClInclude Include="KeyboardScene2.h">
      <Filter>win32</Filter>
    </ClInclude>
    <ClInclude Include="TouchScene.h">
      <Filter>win32</Filter>
    </ClInclude>
    <ClInclude Include="TouchScene2.h">
      <Filter>win32</Filter>
    </ClInclude>
    <ClInclude Include="CarAction.h" />
    <ClInclude Include="CarAction2.h" />
    <ClInclude Include="CarAction3.h" />
  </ItemGroup>
  <ItemGroup>
    <ResourceCompile Include="game.rc">
      <Filter>resource</Filter>
    </ResourceCompile>
  </ItemGroup>
</Project>